// !$*UTF8*$!
{
	archiveVersion = 1;
	classes = {
	};
	objectVersion = 55;
	objects = {

/* Begin PBXBuildFile section */
		1D44B0F627F446B400168F2D /* AppDelegate.swift in Sources */ = {isa = PBXBuildFile; fileRef = 1D44B0F527F446B400168F2D /* AppDelegate.swift */; };
		1D44B0F827F446B400168F2D /* ContentView.swift in Sources */ = {isa = PBXBuildFile; fileRef = 1D44B0F727F446B400168F2D /* ContentView.swift */; };
		1D44B0FA27F446B400168F2D /* Experience.rcproject in Sources */ = {isa = PBXBuildFile; fileRef = 1D44B0F927F446B400168F2D /* Experience.rcproject */; };
		1D44B0FC27F446B500168F2D /* Assets.xcassets in Resources */ = {isa = PBXBuildFile; fileRef = 1D44B0FB27F446B500168F2D /* Assets.xcassets */; };
		1D44B0FF27F446B500168F2D /* Preview Assets.xcassets in Resources */ = {isa = PBXBuildFile; fileRef = 1D44B0FE27F446B500168F2D /* Preview Assets.xcassets */; };
		1D44B10727F44B2800168F2D /* ARViewContainer.swift in Sources */ = {isa = PBXBuildFile; fileRef = 1D44B10627F44B2800168F2D /* ARViewContainer.swift */; };
		1D44B10A27F44F4D00168F2D /* HomeView.swift in Sources */ = {isa = PBXBuildFile; fileRef = 1D44B10927F44F4D00168F2D /* HomeView.swift */; };
		1D44B10C27F4518900168F2D /* ShopView.swift in Sources */ = {isa = PBXBuildFile; fileRef = 1D44B10B27F4518800168F2D /* ShopView.swift */; };
		1D44B10E27F4519D00168F2D /* SelfView.swift in Sources */ = {isa = PBXBuildFile; fileRef = 1D44B10D27F4519D00168F2D /* SelfView.swift */; };
		1D44B11327F4580300168F2D /* ClothingView.swift in Sources */ = {isa = PBXBuildFile; fileRef = 1D44B10F27F4580300168F2D /* ClothingView.swift */; };
		1D44B11427F4580300168F2D /* TabButton.swift in Sources */ = {isa = PBXBuildFile; fileRef = 1D44B11027F4580300168F2D /* TabButton.swift */; };
		1D44B11527F4580300168F2D /* DetailView.swift in Sources */ = {isa = PBXBuildFile; fileRef = 1D44B11127F4580300168F2D /* DetailView.swift */; };
		1D44B11627F4580300168F2D /* ColorButton.swift in Sources */ = {isa = PBXBuildFile; fileRef = 1D44B11227F4580300168F2D /* ColorButton.swift */; };
		1D44B11927F4584600168F2D /* ClothingModel.swift in Sources */ = {isa = PBXBuildFile; fileRef = 1D44B11827F4584600168F2D /* ClothingModel.swift */; };
		1D44B11B27F4586900168F2D /* CustomCorner.swift in Sources */ = {isa = PBXBuildFile; fileRef = 1D44B11A27F4586900168F2D /* CustomCorner.swift */; };
		1D44B12127F9693800168F2D /* UserModel.swift in Sources */ = {isa = PBXBuildFile; fileRef = 1D44B12027F9693800168F2D /* UserModel.swift */; };
		1D44B12A27F9A2B900168F2D /* MissionView.swift in Sources */ = {isa = PBXBuildFile; fileRef = 1D44B12927F9A2B900168F2D /* MissionView.swift */; };
		1D44B12D27F9A8A900168F2D /* MissionModel.swift in Sources */ = {isa = PBXBuildFile; fileRef = 1D44B12C27F9A8A900168F2D /* MissionModel.swift */; };
		1D44B12F27F9AFA100168F2D /* MapView.swift in Sources */ = {isa = PBXBuildFile; fileRef = 1D44B12E27F9AFA100168F2D /* MapView.swift */; };
		1D44B13127F9B84800168F2D /* AppModel.swift in Sources */ = {isa = PBXBuildFile; fileRef = 1D44B13027F9B84800168F2D /* AppModel.swift */; };
		1DFA415627FAFD190002CBB2 /* MissionCard.swift in Sources */ = {isa = PBXBuildFile; fileRef = 1DFA415527FAFD190002CBB2 /* MissionCard.swift */; };
		1DFA415827FAFD430002CBB2 /* InfoCard.swift in Sources */ = {isa = PBXBuildFile; fileRef = 1DFA415727FAFD430002CBB2 /* InfoCard.swift */; };
/* End PBXBuildFile section */

/* Begin PBXFileReference section */
		1D44B0F227F446B400168F2D /* ARDemo.app */ = {isa = PBXFileReference; explicitFileType = wrapper.application; includeInIndex = 0; path = ARDemo.app; sourceTree = BUILT_PRODUCTS_DIR; };
		1D44B0F527F446B400168F2D /* AppDelegate.swift */ = {isa = PBXFileReference; lastKnownFileType = sourcecode.swift; path = AppDelegate.swift; sourceTree = "<group>"; };
		1D44B0F727F446B400168F2D /* ContentView.swift */ = {isa = PBXFileReference; lastKnownFileType = sourcecode.swift; path = ContentView.swift; sourceTree = "<group>"; };
		1D44B0F927F446B400168F2D /* Experience.rcproject */ = {isa = PBXFileReference; lastKnownFileType = file.rcproject; path = Experience.rcproject; sourceTree = "<group>"; };
		1D44B0FB27F446B500168F2D /* Assets.xcassets */ = {isa = PBXFileReference; lastKnownFileType = folder.assetcatalog; path = Assets.xcassets; sourceTree = "<group>"; };
		1D44B0FE27F446B500168F2D /* Preview Assets.xcassets */ = {isa = PBXFileReference; lastKnownFileType = folder.assetcatalog; path = "Preview Assets.xcassets"; sourceTree = "<group>"; };
		1D44B10627F44B2800168F2D /* ARViewContainer.swift */ = {isa = PBXFileReference; lastKnownFileType = sourcecode.swift; path = ARViewContainer.swift; sourceTree = "<group>"; };
		1D44B10927F44F4D00168F2D /* HomeView.swift */ = {isa = PBXFileReference; lastKnownFileType = sourcecode.swift; path = HomeView.swift; sourceTree = "<group>"; };
		1D44B10B27F4518800168F2D /* ShopView.swift */ = {isa = PBXFileReference; lastKnownFileType = sourcecode.swift; path = ShopView.swift; sourceTree = "<group>"; };
		1D44B10D27F4519D00168F2D /* SelfView.swift */ = {isa = PBXFileReference; lastKnownFileType = sourcecode.swift; path = SelfView.swift; sourceTree = "<group>"; };
		1D44B10F27F4580300168F2D /* ClothingView.swift */ = {isa = PBXFileReference; fileEncoding = 4; lastKnownFileType = sourcecode.swift; path = ClothingView.swift; sourceTree = "<group>"; };
		1D44B11027F4580300168F2D /* TabButton.swift */ = {isa = PBXFileReference; fileEncoding = 4; lastKnownFileType = sourcecode.swift; path = TabButton.swift; sourceTree = "<group>"; };
		1D44B11127F4580300168F2D /* DetailView.swift */ = {isa = PBXFileReference; fileEncoding = 4; lastKnownFileType = sourcecode.swift; path = DetailView.swift; sourceTree = "<group>"; };
		1D44B11227F4580300168F2D /* ColorButton.swift */ = {isa = PBXFileReference; fileEncoding = 4; lastKnownFileType = sourcecode.swift; path = ColorButton.swift; sourceTree = "<group>"; };
		1D44B11827F4584600168F2D /* ClothingModel.swift */ = {isa = PBXFileReference; fileEncoding = 4; lastKnownFileType = sourcecode.swift; path = ClothingModel.swift; sourceTree = "<group>"; };
		1D44B11A27F4586900168F2D /* CustomCorner.swift */ = {isa = PBXFileReference; fileEncoding = 4; lastKnownFileType = sourcecode.swift; path = CustomCorner.swift; sourceTree = "<group>"; };
		1D44B12027F9693800168F2D /* UserModel.swift */ = {isa = PBXFileReference; lastKnownFileType = sourcecode.swift; path = UserModel.swift; sourceTree = "<group>"; };
		1D44B12927F9A2B900168F2D /* MissionView.swift */ = {isa = PBXFileReference; lastKnownFileType = sourcecode.swift; path = MissionView.swift; sourceTree = "<group>"; };
		1D44B12C27F9A8A900168F2D /* MissionModel.swift */ = {isa = PBXFileReference; lastKnownFileType = sourcecode.swift; path = MissionModel.swift; sourceTree = "<group>"; };
		1D44B12E27F9AFA100168F2D /* MapView.swift */ = {isa = PBXFileReference; fileEncoding = 4; lastKnownFileType = sourcecode.swift; path = MapView.swift; sourceTree = "<group>"; };
		1D44B13027F9B84800168F2D /* AppModel.swift */ = {isa = PBXFileReference; lastKnownFileType = sourcecode.swift; path = AppModel.swift; sourceTree = "<group>"; };
		1DFA415527FAFD190002CBB2 /* MissionCard.swift */ = {isa = PBXFileReference; lastKnownFileType = sourcecode.swift; path = MissionCard.swift; sourceTree = "<group>"; };
		1DFA415727FAFD430002CBB2 /* InfoCard.swift */ = {isa = PBXFileReference; lastKnownFileType = sourcecode.swift; path = InfoCard.swift; sourceTree = "<group>"; };
/* End PBXFileReference section */

/* Begin PBXFrameworksBuildPhase section */
		1D44B0EF27F446B400168F2D /* Frameworks */ = {
			isa = PBXFrameworksBuildPhase;
			buildActionMask = 2147483647;
			files = (
			);
			runOnlyForDeploymentPostprocessing = 0;
		};
/* End PBXFrameworksBuildPhase section */

/* Begin PBXGroup section */
		1D44B0E927F446B400168F2D = {
			isa = PBXGroup;
			children = (
				1D44B0F427F446B400168F2D /* ARDemo */,
				1D44B0F327F446B400168F2D /* Products */,
			);
			sourceTree = "<group>";
		};
		1D44B0F327F446B400168F2D /* Products */ = {
			isa = PBXGroup;
			children = (
				1D44B0F227F446B400168F2D /* ARDemo.app */,
			);
			name = Products;
			sourceTree = "<group>";
		};
		1D44B0F427F446B400168F2D /* ARDemo */ = {
			isa = PBXGroup;
			children = (
				1D44B11727F4583700168F2D /* Model */,
				1D44B10827F44F2E00168F2D /* Views */,
				1D44B10527F44B0B00168F2D /* AR */,
				1D44B0F527F446B400168F2D /* AppDelegate.swift */,
				1D44B0F727F446B400168F2D /* ContentView.swift */,
				1D44B0F927F446B400168F2D /* Experience.rcproject */,
				1D44B0FB27F446B500168F2D /* Assets.xcassets */,
				1D44B0FD27F446B500168F2D /* Preview Content */,
			);
			path = ARDemo;
			sourceTree = "<group>";
		};
		1D44B0FD27F446B500168F2D /* Preview Content */ = {
			isa = PBXGroup;
			children = (
				1D44B0FE27F446B500168F2D /* Preview Assets.xcassets */,
			);
			path = "Preview Content";
			sourceTree = "<group>";
		};
		1D44B10527F44B0B00168F2D /* AR */ = {
			isa = PBXGroup;
			children = (
				1D44B10627F44B2800168F2D /* ARViewContainer.swift */,
			);
			path = AR;
			sourceTree = "<group>";
		};
		1D44B10827F44F2E00168F2D /* Views */ = {
			isa = PBXGroup;
			children = (
				1D44B12B27F9A84B00168F2D /* General */,
				1D44B12827F9A2A300168F2D /* Mission */,
				1D44B12227F9967F00168F2D /* Self */,
				1D44B11C27F458E200168F2D /* Shop */,
				1D44B10927F44F4D00168F2D /* HomeView.swift */,
			);
			path = Views;
			sourceTree = "<group>";
		};
		1D44B11727F4583700168F2D /* Model */ = {
			isa = PBXGroup;
			children = (
				1D44B11827F4584600168F2D /* ClothingModel.swift */,
				1D44B12027F9693800168F2D /* UserModel.swift */,
				1D44B12C27F9A8A900168F2D /* MissionModel.swift */,
				1D44B13027F9B84800168F2D /* AppModel.swift */,
			);
			path = Model;
			sourceTree = "<group>";
		};
		1D44B11C27F458E200168F2D /* Shop */ = {
			isa = PBXGroup;
			children = (
				1D44B10B27F4518800168F2D /* ShopView.swift */,
				1D44B11A27F4586900168F2D /* CustomCorner.swift */,
				1D44B10F27F4580300168F2D /* ClothingView.swift */,
				1D44B11227F4580300168F2D /* ColorButton.swift */,
				1D44B11127F4580300168F2D /* DetailView.swift */,
				1D44B11027F4580300168F2D /* TabButton.swift */,
			);
			path = Shop;
			sourceTree = "<group>";
		};
		1D44B12227F9967F00168F2D /* Self */ = {
			isa = PBXGroup;
			children = (
				1D44B10D27F4519D00168F2D /* SelfView.swift */,
			);
			path = Self;
			sourceTree = "<group>";
		};
		1D44B12827F9A2A300168F2D /* Mission */ = {
			isa = PBXGroup;
			children = (
				1D44B12E27F9AFA100168F2D /* MapView.swift */,
				1D44B12927F9A2B900168F2D /* MissionView.swift */,
			);
			path = Mission;
			sourceTree = "<group>";
		};
		1D44B12B27F9A84B00168F2D /* General */ = {
			isa = PBXGroup;
			children = (
				1DFA415527FAFD190002CBB2 /* MissionCard.swift */,
				1DFA415727FAFD430002CBB2 /* InfoCard.swift */,
			);
			path = General;
			sourceTree = "<group>";
		};
/* End PBXGroup section */

/* Begin PBXNativeTarget section */
		1D44B0F127F446B400168F2D /* ARDemo */ = {
			isa = PBXNativeTarget;
			buildConfigurationList = 1D44B10227F446B500168F2D /* Build configuration list for PBXNativeTarget "ARDemo" */;
			buildPhases = (
				1D44B0EE27F446B400168F2D /* Sources */,
				1D44B0EF27F446B400168F2D /* Frameworks */,
				1D44B0F027F446B400168F2D /* Resources */,
			);
			buildRules = (
			);
			dependencies = (
			);
			name = ARDemo;
			productName = ARDemo;
			productReference = 1D44B0F227F446B400168F2D /* ARDemo.app */;
			productType = "com.apple.product-type.application";
		};
/* End PBXNativeTarget section */

/* Begin PBXProject section */
		1D44B0EA27F446B400168F2D /* Project object */ = {
			isa = PBXProject;
			attributes = {
				BuildIndependentTargetsInParallel = 1;
				LastSwiftUpdateCheck = 1330;
				LastUpgradeCheck = 1330;
				TargetAttributes = {
					1D44B0F127F446B400168F2D = {
						CreatedOnToolsVersion = 13.3;
					};
				};
			};
			buildConfigurationList = 1D44B0ED27F446B400168F2D /* Build configuration list for PBXProject "ARDemo" */;
			compatibilityVersion = "Xcode 13.0";
			developmentRegion = en;
			hasScannedForEncodings = 0;
			knownRegions = (
				en,
				Base,
			);
			mainGroup = 1D44B0E927F446B400168F2D;
			productRefGroup = 1D44B0F327F446B400168F2D /* Products */;
			projectDirPath = "";
			projectRoot = "";
			targets = (
				1D44B0F127F446B400168F2D /* ARDemo */,
			);
		};
/* End PBXProject section */

/* Begin PBXResourcesBuildPhase section */
		1D44B0F027F446B400168F2D /* Resources */ = {
			isa = PBXResourcesBuildPhase;
			buildActionMask = 2147483647;
			files = (
				1D44B0FF27F446B500168F2D /* Preview Assets.xcassets in Resources */,
				1D44B0FC27F446B500168F2D /* Assets.xcassets in Resources */,
			);
			runOnlyForDeploymentPostprocessing = 0;
		};
/* End PBXResourcesBuildPhase section */

/* Begin PBXSourcesBuildPhase section */
		1D44B0EE27F446B400168F2D /* Sources */ = {
			isa = PBXSourcesBuildPhase;
			buildActionMask = 2147483647;
			files = (
				1DFA415627FAFD190002CBB2 /* MissionCard.swift in Sources */,
				1D44B11427F4580300168F2D /* TabButton.swift in Sources */,
				1D44B11327F4580300168F2D /* ClothingView.swift in Sources */,
				1D44B11B27F4586900168F2D /* CustomCorner.swift in Sources */,
				1D44B10C27F4518900168F2D /* ShopView.swift in Sources */,
				1D44B11627F4580300168F2D /* ColorButton.swift in Sources */,
				1D44B11527F4580300168F2D /* DetailView.swift in Sources */,
				1D44B11927F4584600168F2D /* ClothingModel.swift in Sources */,
				1D44B12F27F9AFA100168F2D /* MapView.swift in Sources */,
				1D44B0F827F446B400168F2D /* ContentView.swift in Sources */,
				1DFA415827FAFD430002CBB2 /* InfoCard.swift in Sources */,
				1D44B12127F9693800168F2D /* UserModel.swift in Sources */,
				1D44B12A27F9A2B900168F2D /* MissionView.swift in Sources */,
				1D44B13127F9B84800168F2D /* AppModel.swift in Sources */,
				1D44B10727F44B2800168F2D /* ARViewContainer.swift in Sources */,
				1D44B12D27F9A8A900168F2D /* MissionModel.swift in Sources */,
				1D44B10E27F4519D00168F2D /* SelfView.swift in Sources */,
				1D44B0F627F446B400168F2D /* AppDelegate.swift in Sources */,
				1D44B10A27F44F4D00168F2D /* HomeView.swift in Sources */,
				1D44B0FA27F446B400168F2D /* Experience.rcproject in Sources */,
			);
			runOnlyForDeploymentPostprocessing = 0;
		};
/* End PBXSourcesBuildPhase section */

/* Begin XCBuildConfiguration section */
		1D44B10027F446B500168F2D /* Debug */ = {
			isa = XCBuildConfiguration;
			buildSettings = {
				ALWAYS_SEARCH_USER_PATHS = NO;
				CLANG_ANALYZER_NONNULL = YES;
				CLANG_ANALYZER_NUMBER_OBJECT_CONVERSION = YES_AGGRESSIVE;
				CLANG_CXX_LANGUAGE_STANDARD = "gnu++17";
				CLANG_ENABLE_MODULES = YES;
				CLANG_ENABLE_OBJC_ARC = YES;
				CLANG_ENABLE_OBJC_WEAK = YES;
				CLANG_WARN_BLOCK_CAPTURE_AUTORELEASING = YES;
				CLANG_WARN_BOOL_CONVERSION = YES;
				CLANG_WARN_COMMA = YES;
				CLANG_WARN_CONSTANT_CONVERSION = YES;
				CLANG_WARN_DEPRECATED_OBJC_IMPLEMENTATIONS = YES;
				CLANG_WARN_DIRECT_OBJC_ISA_USAGE = YES_ERROR;
				CLANG_WARN_DOCUMENTATION_COMMENTS = YES;
				CLANG_WARN_EMPTY_BODY = YES;
				CLANG_WARN_ENUM_CONVERSION = YES;
				CLANG_WARN_INFINITE_RECURSION = YES;
				CLANG_WARN_INT_CONVERSION = YES;
				CLANG_WARN_NON_LITERAL_NULL_CONVERSION = YES;
				CLANG_WARN_OBJC_IMPLICIT_RETAIN_SELF = YES;
				CLANG_WARN_OBJC_LITERAL_CONVERSION = YES;
				CLANG_WARN_OBJC_ROOT_CLASS = YES_ERROR;
				CLANG_WARN_QUOTED_INCLUDE_IN_FRAMEWORK_HEADER = YES;
				CLANG_WARN_RANGE_LOOP_ANALYSIS = YES;
				CLANG_WARN_STRICT_PROTOTYPES = YES;
				CLANG_WARN_SUSPICIOUS_MOVE = YES;
				CLANG_WARN_UNGUARDED_AVAILABILITY = YES_AGGRESSIVE;
				CLANG_WARN_UNREACHABLE_CODE = YES;
				CLANG_WARN__DUPLICATE_METHOD_MATCH = YES;
				COPY_PHASE_STRIP = NO;
				DEBUG_INFORMATION_FORMAT = dwarf;
				ENABLE_STRICT_OBJC_MSGSEND = YES;
				ENABLE_TESTABILITY = YES;
				GCC_C_LANGUAGE_STANDARD = gnu11;
				GCC_DYNAMIC_NO_PIC = NO;
				GCC_NO_COMMON_BLOCKS = YES;
				GCC_OPTIMIZATION_LEVEL = 0;
				GCC_PREPROCESSOR_DEFINITIONS = (
					"DEBUG=1",
					"$(inherited)",
				);
				GCC_WARN_64_TO_32_BIT_CONVERSION = YES;
				GCC_WARN_ABOUT_RETURN_TYPE = YES_ERROR;
				GCC_WARN_UNDECLARED_SELECTOR = YES;
				GCC_WARN_UNINITIALIZED_AUTOS = YES_AGGRESSIVE;
				GCC_WARN_UNUSED_FUNCTION = YES;
				GCC_WARN_UNUSED_VARIABLE = YES;
				IPHONEOS_DEPLOYMENT_TARGET = 15.4;
				MTL_ENABLE_DEBUG_INFO = INCLUDE_SOURCE;
				MTL_FAST_MATH = YES;
				ONLY_ACTIVE_ARCH = YES;
				SDKROOT = iphoneos;
				SWIFT_ACTIVE_COMPILATION_CONDITIONS = DEBUG;
				SWIFT_OPTIMIZATION_LEVEL = "-Onone";
			};
			name = Debug;
		};
		1D44B10127F446B500168F2D /* Release */ = {
			isa = XCBuildConfiguration;
			buildSettings = {
				ALWAYS_SEARCH_USER_PATHS = NO;
				CLANG_ANALYZER_NONNULL = YES;
				CLANG_ANALYZER_NUMBER_OBJECT_CONVERSION = YES_AGGRESSIVE;
				CLANG_CXX_LANGUAGE_STANDARD = "gnu++17";
				CLANG_ENABLE_MODULES = YES;
				CLANG_ENABLE_OBJC_ARC = YES;
				CLANG_ENABLE_OBJC_WEAK = YES;
				CLANG_WARN_BLOCK_CAPTURE_AUTORELEASING = YES;
				CLANG_WARN_BOOL_CONVERSION = YES;
				CLANG_WARN_COMMA = YES;
				CLANG_WARN_CONSTANT_CONVERSION = YES;
				CLANG_WARN_DEPRECATED_OBJC_IMPLEMENTATIONS = YES;
				CLANG_WARN_DIRECT_OBJC_ISA_USAGE = YES_ERROR;
				CLANG_WARN_DOCUMENTATION_COMMENTS = YES;
				CLANG_WARN_EMPTY_BODY = YES;
				CLANG_WARN_ENUM_CONVERSION = YES;
				CLANG_WARN_INFINITE_RECURSION = YES;
				CLANG_WARN_INT_CONVERSION = YES;
				CLANG_WARN_NON_LITERAL_NULL_CONVERSION = YES;
				CLANG_WARN_OBJC_IMPLICIT_RETAIN_SELF = YES;
				CLANG_WARN_OBJC_LITERAL_CONVERSION = YES;
				CLANG_WARN_OBJC_ROOT_CLASS = YES_ERROR;
				CLANG_WARN_QUOTED_INCLUDE_IN_FRAMEWORK_HEADER = YES;
				CLANG_WARN_RANGE_LOOP_ANALYSIS = YES;
				CLANG_WARN_STRICT_PROTOTYPES = YES;
				CLANG_WARN_SUSPICIOUS_MOVE = YES;
				CLANG_WARN_UNGUARDED_AVAILABILITY = YES_AGGRESSIVE;
				CLANG_WARN_UNREACHABLE_CODE = YES;
				CLANG_WARN__DUPLICATE_METHOD_MATCH = YES;
				COPY_PHASE_STRIP = NO;
				DEBUG_INFORMATION_FORMAT = "dwarf-with-dsym";
				ENABLE_NS_ASSERTIONS = NO;
				ENABLE_STRICT_OBJC_MSGSEND = YES;
				GCC_C_LANGUAGE_STANDARD = gnu11;
				GCC_NO_COMMON_BLOCKS = YES;
				GCC_WARN_64_TO_32_BIT_CONVERSION = YES;
				GCC_WARN_ABOUT_RETURN_TYPE = YES_ERROR;
				GCC_WARN_UNDECLARED_SELECTOR = YES;
				GCC_WARN_UNINITIALIZED_AUTOS = YES_AGGRESSIVE;
				GCC_WARN_UNUSED_FUNCTION = YES;
				GCC_WARN_UNUSED_VARIABLE = YES;
				IPHONEOS_DEPLOYMENT_TARGET = 15.4;
				MTL_ENABLE_DEBUG_INFO = NO;
				MTL_FAST_MATH = YES;
				SDKROOT = iphoneos;
				SWIFT_COMPILATION_MODE = wholemodule;
				SWIFT_OPTIMIZATION_LEVEL = "-O";
				VALIDATE_PRODUCT = YES;
			};
			name = Release;
		};
		1D44B10327F446B500168F2D /* Debug */ = {
			isa = XCBuildConfiguration;
			buildSettings = {
				ASSETCATALOG_COMPILER_APPICON_NAME = AppIcon;
				ASSETCATALOG_COMPILER_GLOBAL_ACCENT_COLOR_NAME = AccentColor;
				CODE_SIGN_STYLE = Automatic;
				CURRENT_PROJECT_VERSION = 1;
				DEVELOPMENT_ASSET_PATHS = "\"ARDemo/Preview Content\"";
				DEVELOPMENT_TEAM = 2U2V7T5954;
				ENABLE_PREVIEWS = YES;
				GENERATE_INFOPLIST_FILE = YES;
				INFOPLIST_KEY_NSCameraUsageDescription = "";
				INFOPLIST_KEY_UIApplicationSupportsIndirectInputEvents = YES;
				INFOPLIST_KEY_UILaunchScreen_Generation = YES;
				INFOPLIST_KEY_UIRequiredDeviceCapabilities = arkit;
				INFOPLIST_KEY_UIStatusBarHidden = YES;
				INFOPLIST_KEY_UISupportedInterfaceOrientations_iPad = "UIInterfaceOrientationPortrait UIInterfaceOrientationPortraitUpsideDown UIInterfaceOrientationLandscapeLeft UIInterfaceOrientationLandscapeRight";
				INFOPLIST_KEY_UISupportedInterfaceOrientations_iPhone = "UIInterfaceOrientationPortrait UIInterfaceOrientationLandscapeLeft UIInterfaceOrientationLandscapeRight";
				IPHONEOS_DEPLOYMENT_TARGET = 15.3;
				LD_RUNPATH_SEARCH_PATHS = (
					"$(inherited)",
					"@executable_path/Frameworks",
				);
				MARKETING_VERSION = 1.0;
				PRODUCT_BUNDLE_IDENTIFIER = com.javaBrick.ARdemo2;
				PRODUCT_NAME = "$(TARGET_NAME)";
				SWIFT_EMIT_LOC_STRINGS = YES;
				SWIFT_VERSION = 5.0;
				TARGETED_DEVICE_FAMILY = "1,2";
			};
			name = Debug;
		};
		1D44B10427F446B500168F2D /* Release */ = {
			isa = XCBuildConfiguration;
			buildSettings = {
				ASSETCATALOG_COMPILER_APPICON_NAME = AppIcon;
				ASSETCATALOG_COMPILER_GLOBAL_ACCENT_COLOR_NAME = AccentColor;
				CODE_SIGN_STYLE = Automatic;
				CURRENT_PROJECT_VERSION = 1;
				DEVELOPMENT_ASSET_PATHS = "\"ARDemo/Preview Content\"";
				DEVELOPMENT_TEAM = 2U2V7T5954;
				ENABLE_PREVIEWS = YES;
				GENERATE_INFOPLIST_FILE = YES;
				INFOPLIST_KEY_NSCameraUsageDescription = "";
				INFOPLIST_KEY_UIApplicationSupportsIndirectInputEvents = YES;
				INFOPLIST_KEY_UILaunchScreen_Generation = YES;
				INFOPLIST_KEY_UIRequiredDeviceCapabilities = arkit;
				INFOPLIST_KEY_UIStatusBarHidden = YES;
				INFOPLIST_KEY_UISupportedInterfaceOrientations_iPad = "UIInterfaceOrientationPortrait UIInterfaceOrientationPortraitUpsideDown UIInterfaceOrientationLandscapeLeft UIInterfaceOrientationLandscapeRight";
				INFOPLIST_KEY_UISupportedInterfaceOrientations_iPhone = "UIInterfaceOrientationPortrait UIInterfaceOrientationLandscapeLeft UIInterfaceOrientationLandscapeRight";
				IPHONEOS_DEPLOYMENT_TARGET = 15.3;
				LD_RUNPATH_SEARCH_PATHS = (
					"$(inherited)",
					"@executable_path/Frameworks",
				);
				MARKETING_VERSION = 1.0;
				PRODUCT_BUNDLE_IDENTIFIER = com.javaBrick.ARdemo2;
				PRODUCT_NAME = "$(TARGET_NAME)";
				SWIFT_EMIT_LOC_STRINGS = YES;
				SWIFT_VERSION = 5.0;
				TARGETED_DEVICE_FAMILY = "1,2";
			};
			name = Release;
		};
/* End XCBuildConfiguration section */

/* Begin XCConfigurationList section */
		1D44B0ED27F446B400168F2D /* Build configuration list for PBXProject "ARDemo" */ = {
			isa = XCConfigurationList;
			buildConfigurations = (
				1D44B10027F446B500168F2D /* Debug */,
				1D44B10127F446B500168F2D /* Release */,
			);
			defaultConfigurationIsVisible = 0;
			defaultConfigurationName = Release;
		};
		1D44B10227F446B500168F2D /* Build configuration list for PBXNativeTarget "ARDemo" */ = {
			isa = XCConfigurationList;
			buildConfigurations = (
				1D44B10327F446B500168F2D /* Debug */,
				1D44B10427F446B500168F2D /* Release */,
			);
			defaultConfigurationIsVisible = 0;
			defaultConfigurationName = Release;
		};
/* End XCConfigurationList section */
	};
	rootObject = 1D44B0EA27F446B400168F2D /* Project object */;
}
